
Microsoft Visual Studio Solution File, Format Version 12.00
# Visual Studio 15
VisualStudioVersion = 15.0.27130.2010
MinimumVisualStudioVersion = 10.0.40219.1
Project("{FAE04EC0-301F-11D3-BF4B-00C04F79EFBC}") = "Ado.Net.6.HW2.XMLMakeFromDB", "Ado.Net.6.HW2.XMLMakeFromDB\Ado.Net.6.HW2.XMLMakeFromDB.csproj", "{11E90B53-6198-4487-871E-7E8B3290A184}"
EndProject
Global
	GlobalSection(SolutionConfigurationPlatforms) = preSolution
		Debug|Any CPU = Debug|Any CPU
		Release|Any CPU = Release|Any CPU
	EndGlobalSection
	GlobalSection(ProjectConfigurationPlatforms) = postSolution
		{11E90B53-6198-4487-871E-7E8B3290A184}.Debug|Any CPU.ActiveCfg = Debug|Any CPU
		{11E90B53-6198-4487-871E-7E8B3290A184}.Debug|Any CPU.Build.0 = Debug|Any CPU
		{11E90B53-6198-4487-871E-7E8B3290A184}.Release|Any CPU.ActiveCfg = Release|Any CPU
		{11E90B53-6198-4487-871E-7E8B3290A184}.Release|Any CPU.Build.0 = Release|Any CPU
	EndGlobalSection
	GlobalSection(SolutionProperties) = preSolution
		HideSolutionNode = FALSE
	EndGlobalSection
	GlobalSection(ExtensibilityGlobals) = postSolution
		SolutionGuid = {31997BAF-3D9A-4FC2-BDE9-BA38DBDD5E85}
	EndGlobalSection
EndGlobal
